// !$*UTF8*$!
{
	archiveVersion = 1;
	classes = {
	};
	objectVersion = 55;
	objects = {

/* Begin PBXBuildFile section */
		29171C045C85FAB1F10072DC /* Pods_SelfManagement.framework in Frameworks */ = {isa = PBXBuildFile; fileRef = 6B968F5B78EFC2E777D49EEA /* Pods_SelfManagement.framework */; };
		470E1AE2273F9D3500B37BA5 /* UIViewControllerBase.swift in Sources */ = {isa = PBXBuildFile; fileRef = 470E1AE1273F9D3500B37BA5 /* UIViewControllerBase.swift */; };
		470E1AE6273F9E0500B37BA5 /* TaskListController.swift in Sources */ = {isa = PBXBuildFile; fileRef = 470E1AE5273F9E0500B37BA5 /* TaskListController.swift */; };
		470E1AEA273F9E3200B37BA5 /* TaskListView.storyboard in Resources */ = {isa = PBXBuildFile; fileRef = 470E1AE9273F9E3200B37BA5 /* TaskListView.storyboard */; };
		470E1AED273FD9E400B37BA5 /* ViewIdEnum.swift in Sources */ = {isa = PBXBuildFile; fileRef = 470E1AEC273FD9E400B37BA5 /* ViewIdEnum.swift */; };
		470E1B0027405F1E00B37BA5 /* Localize.swift in Sources */ = {isa = PBXBuildFile; fileRef = 470E1AFF27405F1E00B37BA5 /* Localize.swift */; };
		470E1B042740632000B37BA5 /* ja.strings in Resources */ = {isa = PBXBuildFile; fileRef = 470E1B062740632000B37BA5 /* ja.strings */; };
		470E1B0D2740664F00B37BA5 /* file_name.strings in Resources */ = {isa = PBXBuildFile; fileRef = 470E1B0C2740664F00B37BA5 /* file_name.strings */; };
		4714F301274074680048A928 /* TaskDetailView.storyboard in Resources */ = {isa = PBXBuildFile; fileRef = 4714F300274074680048A928 /* TaskDetailView.storyboard */; };
		4714F303274074C20048A928 /* TaskDetailController.swift in Sources */ = {isa = PBXBuildFile; fileRef = 4714F302274074C20048A928 /* TaskDetailController.swift */; };
		4716F2282737D38F006F9038 /* AppDelegate.swift in Sources */ = {isa = PBXBuildFile; fileRef = 4716F2272737D38F006F9038 /* AppDelegate.swift */; };
		4716F22A2737D38F006F9038 /* SceneDelegate.swift in Sources */ = {isa = PBXBuildFile; fileRef = 4716F2292737D38F006F9038 /* SceneDelegate.swift */; };
		4716F22C2737D38F006F9038 /* ViewController.swift in Sources */ = {isa = PBXBuildFile; fileRef = 4716F22B2737D38F006F9038 /* ViewController.swift */; };
		4716F2312737D390006F9038 /* Assets.xcassets in Resources */ = {isa = PBXBuildFile; fileRef = 4716F2302737D390006F9038 /* Assets.xcassets */; };
		47778E6A27427F09009B80CE /* TaskListCell.swift in Sources */ = {isa = PBXBuildFile; fileRef = 47778E6827427F09009B80CE /* TaskListCell.swift */; };
		47778E6B27427F09009B80CE /* TaskListCell.xib in Resources */ = {isa = PBXBuildFile; fileRef = 47778E6927427F09009B80CE /* TaskListCell.xib */; };
		47778E72274526B5009B80CE /* UIDialogViewControllerBase.swift in Sources */ = {isa = PBXBuildFile; fileRef = 47778E71274526B5009B80CE /* UIDialogViewControllerBase.swift */; };
		477E0FDC274B31EA0070578D /* TaskRepository.swift in Sources */ = {isa = PBXBuildFile; fileRef = 477E0FDB274B31E90070578D /* TaskRepository.swift */; };
		477E0FDE274B38F20070578D /* BaseRepository.swift in Sources */ = {isa = PBXBuildFile; fileRef = 477E0FDD274B38F20070578D /* BaseRepository.swift */; };
		477E0FE2274B4A250070578D /* TaskViewSharing.swift in Sources */ = {isa = PBXBuildFile; fileRef = 477E0FE1274B4A250070578D /* TaskViewSharing.swift */; };
		477E0FE5274B4E0E0070578D /* MessageDialogViewController.swift in Sources */ = {isa = PBXBuildFile; fileRef = 477E0FE4274B4E0E0070578D /* MessageDialogViewController.swift */; };
		477E0FE7274B4E3A0070578D /* MessageDialogView.storyboard in Resources */ = {isa = PBXBuildFile; fileRef = 477E0FE6274B4E3A0070578D /* MessageDialogView.storyboard */; };
		477E0FEE274B511C0070578D /* FooterBtnView.swift in Sources */ = {isa = PBXBuildFile; fileRef = 477E0FEC274B511C0070578D /* FooterBtnView.swift */; };
		477E0FEF274B511C0070578D /* FooterBtnView.xib in Resources */ = {isa = PBXBuildFile; fileRef = 477E0FED274B511C0070578D /* FooterBtnView.xib */; };
		477E0FF1274B5AFC0070578D /* ExtensionUIView.swift in Sources */ = {isa = PBXBuildFile; fileRef = 477E0FF0274B5AFC0070578D /* ExtensionUIView.swift */; };
		47B9C0E127490C0200A98C34 /* UIViewControllerExtension.swift in Sources */ = {isa = PBXBuildFile; fileRef = 47B9C0E027490C0200A98C34 /* UIViewControllerExtension.swift */; };
		47B9C0E4274911AF00A98C34 /* DatePickerViewController.swift in Sources */ = {isa = PBXBuildFile; fileRef = 47B9C0E2274911AE00A98C34 /* DatePickerViewController.swift */; };
		47B9C0EA2749234C00A98C34 /* ExtensionBundle.swift in Sources */ = {isa = PBXBuildFile; fileRef = 47B9C0E92749234C00A98C34 /* ExtensionBundle.swift */; };
		47B9C0EC2749246A00A98C34 /* ExtensionNSObject.swift in Sources */ = {isa = PBXBuildFile; fileRef = 47B9C0EB2749246A00A98C34 /* ExtensionNSObject.swift */; };
		47C6081027524A6B00C26E56 /* ExtensionUIImage.swift in Sources */ = {isa = PBXBuildFile; fileRef = 47C6080F27524A6B00C26E56 /* ExtensionUIImage.swift */; };
		47E167AD274B86AE00653DB9 /* AllService.swift in Sources */ = {isa = PBXBuildFile; fileRef = 47E167AC274B86AE00653DB9 /* AllService.swift */; };
		47E167B0274B8AE300653DB9 /* LaunchViewController.swift in Sources */ = {isa = PBXBuildFile; fileRef = 47E167AF274B8AE300653DB9 /* LaunchViewController.swift */; };
		47E167B2274B8B1500653DB9 /* LaunchView.storyboard in Resources */ = {isa = PBXBuildFile; fileRef = 47E167B1274B8B1500653DB9 /* LaunchView.storyboard */; };
		47E167B4274BAB2A00653DB9 /* FooterBtnEnum.swift in Sources */ = {isa = PBXBuildFile; fileRef = 47E167B3274BAB2A00653DB9 /* FooterBtnEnum.swift */; };
		47F00C2327496BA90083528F /* DatePickerView.storyboard in Resources */ = {isa = PBXBuildFile; fileRef = 47F00C2227496BA90083528F /* DatePickerView.storyboard */; };
		47F00C2627496E170083528F /* StoryBoardInstance.swift in Sources */ = {isa = PBXBuildFile; fileRef = 47F00C2527496E170083528F /* StoryBoardInstance.swift */; };
/* End PBXBuildFile section */

/* Begin PBXFileReference section */
		470E1AE1273F9D3500B37BA5 /* UIViewControllerBase.swift */ = {isa = PBXFileReference; lastKnownFileType = sourcecode.swift; path = UIViewControllerBase.swift; sourceTree = "<group>"; };
		470E1AE5273F9E0500B37BA5 /* TaskListController.swift */ = {isa = PBXFileReference; lastKnownFileType = sourcecode.swift; path = TaskListController.swift; sourceTree = "<group>"; };
		470E1AE9273F9E3200B37BA5 /* TaskListView.storyboard */ = {isa = PBXFileReference; lastKnownFileType = file.storyboard; path = TaskListView.storyboard; sourceTree = "<group>"; };
		470E1AEC273FD9E400B37BA5 /* ViewIdEnum.swift */ = {isa = PBXFileReference; lastKnownFileType = sourcecode.swift; path = ViewIdEnum.swift; sourceTree = "<group>"; };
		470E1AFF27405F1E00B37BA5 /* Localize.swift */ = {isa = PBXFileReference; lastKnownFileType = sourcecode.swift; path = Localize.swift; sourceTree = "<group>"; };
		470E1B052740632000B37BA5 /* ja */ = {isa = PBXFileReference; lastKnownFileType = text.plist.strings; name = ja; path = ja.lproj/ja.strings; sourceTree = "<group>"; };
		470E1B0C2740664F00B37BA5 /* file_name.strings */ = {isa = PBXFileReference; lastKnownFileType = text.plist.strings; path = file_name.strings; sourceTree = "<group>"; };
		4714F300274074680048A928 /* TaskDetailView.storyboard */ = {isa = PBXFileReference; lastKnownFileType = file.storyboard; path = TaskDetailView.storyboard; sourceTree = "<group>"; };
		4714F302274074C20048A928 /* TaskDetailController.swift */ = {isa = PBXFileReference; lastKnownFileType = sourcecode.swift; path = TaskDetailController.swift; sourceTree = "<group>"; };
		4716F2242737D38F006F9038 /* SelfManagement.app */ = {isa = PBXFileReference; explicitFileType = wrapper.application; includeInIndex = 0; path = SelfManagement.app; sourceTree = BUILT_PRODUCTS_DIR; };
		4716F2272737D38F006F9038 /* AppDelegate.swift */ = {isa = PBXFileReference; lastKnownFileType = sourcecode.swift; path = AppDelegate.swift; sourceTree = "<group>"; };
		4716F2292737D38F006F9038 /* SceneDelegate.swift */ = {isa = PBXFileReference; lastKnownFileType = sourcecode.swift; path = SceneDelegate.swift; sourceTree = "<group>"; };
		4716F22B2737D38F006F9038 /* ViewController.swift */ = {isa = PBXFileReference; lastKnownFileType = sourcecode.swift; path = ViewController.swift; sourceTree = "<group>"; };
		4716F2302737D390006F9038 /* Assets.xcassets */ = {isa = PBXFileReference; lastKnownFileType = folder.assetcatalog; path = Assets.xcassets; sourceTree = "<group>"; };
		4716F2352737D390006F9038 /* Info.plist */ = {isa = PBXFileReference; lastKnownFileType = text.plist.xml; path = Info.plist; sourceTree = "<group>"; };
		47778E6827427F09009B80CE /* TaskListCell.swift */ = {isa = PBXFileReference; lastKnownFileType = sourcecode.swift; path = TaskListCell.swift; sourceTree = "<group>"; };
		47778E6927427F09009B80CE /* TaskListCell.xib */ = {isa = PBXFileReference; lastKnownFileType = file.xib; path = TaskListCell.xib; sourceTree = "<group>"; };
		47778E71274526B5009B80CE /* UIDialogViewControllerBase.swift */ = {isa = PBXFileReference; lastKnownFileType = sourcecode.swift; path = UIDialogViewControllerBase.swift; sourceTree = "<group>"; };
		477E0FDB274B31E90070578D /* TaskRepository.swift */ = {isa = PBXFileReference; lastKnownFileType = sourcecode.swift; path = TaskRepository.swift; sourceTree = "<group>"; };
		477E0FDD274B38F20070578D /* BaseRepository.swift */ = {isa = PBXFileReference; lastKnownFileType = sourcecode.swift; path = BaseRepository.swift; sourceTree = "<group>"; };
		477E0FE1274B4A250070578D /* TaskViewSharing.swift */ = {isa = PBXFileReference; lastKnownFileType = sourcecode.swift; path = TaskViewSharing.swift; sourceTree = "<group>"; };
		477E0FE4274B4E0E0070578D /* MessageDialogViewController.swift */ = {isa = PBXFileReference; lastKnownFileType = sourcecode.swift; path = MessageDialogViewController.swift; sourceTree = "<group>"; };
		477E0FE6274B4E3A0070578D /* MessageDialogView.storyboard */ = {isa = PBXFileReference; lastKnownFileType = file.storyboard; path = MessageDialogView.storyboard; sourceTree = "<group>"; };
		477E0FEC274B511C0070578D /* FooterBtnView.swift */ = {isa = PBXFileReference; lastKnownFileType = sourcecode.swift; path = FooterBtnView.swift; sourceTree = "<group>"; };
		477E0FED274B511C0070578D /* FooterBtnView.xib */ = {isa = PBXFileReference; lastKnownFileType = file.xib; path = FooterBtnView.xib; sourceTree = "<group>"; };
		477E0FF0274B5AFC0070578D /* ExtensionUIView.swift */ = {isa = PBXFileReference; lastKnownFileType = sourcecode.swift; path = ExtensionUIView.swift; sourceTree = "<group>"; };
		47B9C0E027490C0200A98C34 /* UIViewControllerExtension.swift */ = {isa = PBXFileReference; lastKnownFileType = sourcecode.swift; path = UIViewControllerExtension.swift; sourceTree = "<group>"; };
		47B9C0E2274911AE00A98C34 /* DatePickerViewController.swift */ = {isa = PBXFileReference; lastKnownFileType = sourcecode.swift; path = DatePickerViewController.swift; sourceTree = "<group>"; };
		47B9C0E92749234C00A98C34 /* ExtensionBundle.swift */ = {isa = PBXFileReference; lastKnownFileType = sourcecode.swift; path = ExtensionBundle.swift; sourceTree = "<group>"; };
		47B9C0EB2749246A00A98C34 /* ExtensionNSObject.swift */ = {isa = PBXFileReference; lastKnownFileType = sourcecode.swift; path = ExtensionNSObject.swift; sourceTree = "<group>"; };
		47C6080F27524A6B00C26E56 /* ExtensionUIImage.swift */ = {isa = PBXFileReference; lastKnownFileType = sourcecode.swift; path = ExtensionUIImage.swift; sourceTree = "<group>"; };
		47E167AC274B86AE00653DB9 /* AllService.swift */ = {isa = PBXFileReference; lastKnownFileType = sourcecode.swift; path = AllService.swift; sourceTree = "<group>"; };
		47E167AF274B8AE300653DB9 /* LaunchViewController.swift */ = {isa = PBXFileReference; lastKnownFileType = sourcecode.swift; path = LaunchViewController.swift; sourceTree = "<group>"; };
		47E167B1274B8B1500653DB9 /* LaunchView.storyboard */ = {isa = PBXFileReference; lastKnownFileType = file.storyboard; path = LaunchView.storyboard; sourceTree = "<group>"; };
		47E167B3274BAB2A00653DB9 /* FooterBtnEnum.swift */ = {isa = PBXFileReference; lastKnownFileType = sourcecode.swift; path = FooterBtnEnum.swift; sourceTree = "<group>"; };
		47F00C2227496BA90083528F /* DatePickerView.storyboard */ = {isa = PBXFileReference; lastKnownFileType = file.storyboard; path = DatePickerView.storyboard; sourceTree = "<group>"; };
		47F00C2527496E170083528F /* StoryBoardInstance.swift */ = {isa = PBXFileReference; lastKnownFileType = sourcecode.swift; path = StoryBoardInstance.swift; sourceTree = "<group>"; };
		6B968F5B78EFC2E777D49EEA /* Pods_SelfManagement.framework */ = {isa = PBXFileReference; explicitFileType = wrapper.framework; includeInIndex = 0; path = Pods_SelfManagement.framework; sourceTree = BUILT_PRODUCTS_DIR; };
		6CD8166CD7A91A833DD72464 /* Pods-SelfManagement.debug.xcconfig */ = {isa = PBXFileReference; includeInIndex = 1; lastKnownFileType = text.xcconfig; name = "Pods-SelfManagement.debug.xcconfig"; path = "Target Support Files/Pods-SelfManagement/Pods-SelfManagement.debug.xcconfig"; sourceTree = "<group>"; };
		D91FC406D5945DF58A3FA5A8 /* Pods-SelfManagement.release.xcconfig */ = {isa = PBXFileReference; includeInIndex = 1; lastKnownFileType = text.xcconfig; name = "Pods-SelfManagement.release.xcconfig"; path = "Target Support Files/Pods-SelfManagement/Pods-SelfManagement.release.xcconfig"; sourceTree = "<group>"; };
/* End PBXFileReference section */

/* Begin PBXFrameworksBuildPhase section */
		4716F2212737D38F006F9038 /* Frameworks */ = {
			isa = PBXFrameworksBuildPhase;
			buildActionMask = 2147483647;
			files = (
				29171C045C85FAB1F10072DC /* Pods_SelfManagement.framework in Frameworks */,
			);
			runOnlyForDeploymentPostprocessing = 0;
		};
/* End PBXFrameworksBuildPhase section */

/* Begin PBXGroup section */
		02EFF9495AEDB799C1E7299F /* Pods */ = {
			isa = PBXGroup;
			children = (
				6CD8166CD7A91A833DD72464 /* Pods-SelfManagement.debug.xcconfig */,
				D91FC406D5945DF58A3FA5A8 /* Pods-SelfManagement.release.xcconfig */,
			);
			path = Pods;
			sourceTree = "<group>";
		};
		18AC82085080B135FBA8BC29 /* Frameworks */ = {
			isa = PBXGroup;
			children = (
				6B968F5B78EFC2E777D49EEA /* Pods_SelfManagement.framework */,
			);
			name = Frameworks;
			sourceTree = "<group>";
		};
		470C125D274BC17C00A3978C /* FooterBtn */ = {
			isa = PBXGroup;
			children = (
				477E0FEC274B511C0070578D /* FooterBtnView.swift */,
				477E0FED274B511C0070578D /* FooterBtnView.xib */,
				47E167B3274BAB2A00653DB9 /* FooterBtnEnum.swift */,
			);
			path = FooterBtn;
			sourceTree = "<group>";
		};
		470E1ADD273F45C700B37BA5 /* Common */ = {
			isa = PBXGroup;
			children = (
				470C125D274BC17C00A3978C /* FooterBtn */,
				477E0FE3274B4DE60070578D /* MessageDialog */,
				47F00C2427496DF80083528F /* Instantiation */,
				47B9C0DF27490BD500A98C34 /* Extension */,
				47778E6C27427FFB009B80CE /* DatePickerView */,
				470E1AE1273F9D3500B37BA5 /* UIViewControllerBase.swift */,
				470E1AEC273FD9E400B37BA5 /* ViewIdEnum.swift */,
				47778E71274526B5009B80CE /* UIDialogViewControllerBase.swift */,
				47E167AC274B86AE00653DB9 /* AllService.swift */,
			);
			path = Common;
			sourceTree = "<group>";
		};
		470E1ADE273F45DF00B37BA5 /* View */ = {
			isa = PBXGroup;
			children = (
				47E167AE274B8AAB00653DB9 /* Launch */,
				477E0FDF274B44610070578D /* Task */,
			);
			path = View;
			sourceTree = "<group>";
		};
		470E1AE0273F9D1200B37BA5 /* RealmRepository */ = {
			isa = PBXGroup;
			children = (
				477E0FDB274B31E90070578D /* TaskRepository.swift */,
				477E0FDD274B38F20070578D /* BaseRepository.swift */,
			);
			path = RealmRepository;
			sourceTree = "<group>";
		};
		470E1AE3273F9DDB00B37BA5 /* TaskList */ = {
			isa = PBXGroup;
			children = (
				470E1AE5273F9E0500B37BA5 /* TaskListController.swift */,
				470E1AE9273F9E3200B37BA5 /* TaskListView.storyboard */,
				47778E6827427F09009B80CE /* TaskListCell.swift */,
				47778E6927427F09009B80CE /* TaskListCell.xib */,
			);
			path = TaskList;
			sourceTree = "<group>";
		};
		470E1AE4273F9DEE00B37BA5 /* TaskDetail */ = {
			isa = PBXGroup;
			children = (
				4714F300274074680048A928 /* TaskDetailView.storyboard */,
				4714F302274074C20048A928 /* TaskDetailController.swift */,
			);
			path = TaskDetail;
			sourceTree = "<group>";
		};
		470E1AEB273FCD5700B37BA5 /* Resources */ = {
			isa = PBXGroup;
			children = (
				470E1AFF27405F1E00B37BA5 /* Localize.swift */,
				470E1B062740632000B37BA5 /* ja.strings */,
				470E1B0C2740664F00B37BA5 /* file_name.strings */,
			);
			path = Resources;
			sourceTree = "<group>";
		};
		4716F21B2737D38F006F9038 = {
			isa = PBXGroup;
			children = (
				4716F2262737D38F006F9038 /* SelfManagement */,
				4716F2252737D38F006F9038 /* Products */,
				02EFF9495AEDB799C1E7299F /* Pods */,
				18AC82085080B135FBA8BC29 /* Frameworks */,
			);
			sourceTree = "<group>";
			wrapsLines = 1;
		};
		4716F2252737D38F006F9038 /* Products */ = {
			isa = PBXGroup;
			children = (
				4716F2242737D38F006F9038 /* SelfManagement.app */,
			);
			name = Products;
			sourceTree = "<group>";
		};
		4716F2262737D38F006F9038 /* SelfManagement */ = {
			isa = PBXGroup;
			children = (
				472A3BE22737D594009435A2 /* App */,
				4716F2272737D38F006F9038 /* AppDelegate.swift */,
				4716F2292737D38F006F9038 /* SceneDelegate.swift */,
				4716F22B2737D38F006F9038 /* ViewController.swift */,
				4716F2302737D390006F9038 /* Assets.xcassets */,
				4716F2352737D390006F9038 /* Info.plist */,
			);
			path = SelfManagement;
			sourceTree = "<group>";
		};
		472A3BE22737D594009435A2 /* App */ = {
			isa = PBXGroup;
			children = (
				470E1AEB273FCD5700B37BA5 /* Resources */,
				470E1AE0273F9D1200B37BA5 /* RealmRepository */,
				470E1ADE273F45DF00B37BA5 /* View */,
				470E1ADD273F45C700B37BA5 /* Common */,
			);
			path = App;
			sourceTree = "<group>";
		};
		47778E6C27427FFB009B80CE /* DatePickerView */ = {
			isa = PBXGroup;
			children = (
				47B9C0E2274911AE00A98C34 /* DatePickerViewController.swift */,
				47F00C2227496BA90083528F /* DatePickerView.storyboard */,
			);
			path = DatePickerView;
			sourceTree = "<group>";
		};
		477E0FDF274B44610070578D /* Task */ = {
			isa = PBXGroup;
			children = (
				470E1AE3273F9DDB00B37BA5 /* TaskList */,
				470E1AE4273F9DEE00B37BA5 /* TaskDetail */,
				477E0FE1274B4A250070578D /* TaskViewSharing.swift */,
			);
			path = Task;
			sourceTree = "<group>";
		};
		477E0FE3274B4DE60070578D /* MessageDialog */ = {
			isa = PBXGroup;
			children = (
				477E0FE4274B4E0E0070578D /* MessageDialogViewController.swift */,
				477E0FE6274B4E3A0070578D /* MessageDialogView.storyboard */,
			);
			path = MessageDialog;
			sourceTree = "<group>";
		};
		47B9C0DF27490BD500A98C34 /* Extension */ = {
			isa = PBXGroup;
			children = (
				47B9C0E027490C0200A98C34 /* UIViewControllerExtension.swift */,
				47B9C0E92749234C00A98C34 /* ExtensionBundle.swift */,
				47B9C0EB2749246A00A98C34 /* ExtensionNSObject.swift */,
				477E0FF0274B5AFC0070578D /* ExtensionUIView.swift */,
				47C6080F27524A6B00C26E56 /* ExtensionUIImage.swift */,
			);
			path = Extension;
			sourceTree = "<group>";
		};
		47E167AE274B8AAB00653DB9 /* Launch */ = {
			isa = PBXGroup;
			children = (
				47E167AF274B8AE300653DB9 /* LaunchViewController.swift */,
				47E167B1274B8B1500653DB9 /* LaunchView.storyboard */,
			);
			path = Launch;
			sourceTree = "<group>";
		};
		47F00C2427496DF80083528F /* Instantiation */ = {
			isa = PBXGroup;
			children = (
				47F00C2527496E170083528F /* StoryBoardInstance.swift */,
			);
			path = Instantiation;
			sourceTree = "<group>";
		};
/* End PBXGroup section */

/* Begin PBXNativeTarget section */
		4716F2232737D38F006F9038 /* SelfManagement */ = {
			isa = PBXNativeTarget;
			buildConfigurationList = 4716F2382737D390006F9038 /* Build configuration list for PBXNativeTarget "SelfManagement" */;
			buildPhases = (
				F1F3E3390C31493272BD92B7 /* [CP] Check Pods Manifest.lock */,
				4716F2202737D38F006F9038 /* Sources */,
				4716F2212737D38F006F9038 /* Frameworks */,
				4716F2222737D38F006F9038 /* Resources */,
				D01805F387596846E3EA0AE2 /* [CP] Embed Pods Frameworks */,
			);
			buildRules = (
			);
			dependencies = (
			);
			name = SelfManagement;
			productName = SelfManagement;
			productReference = 4716F2242737D38F006F9038 /* SelfManagement.app */;
			productType = "com.apple.product-type.application";
		};
/* End PBXNativeTarget section */

/* Begin PBXProject section */
		4716F21C2737D38F006F9038 /* Project object */ = {
			isa = PBXProject;
			attributes = {
				BuildIndependentTargetsInParallel = 1;
				LastSwiftUpdateCheck = 1310;
				LastUpgradeCheck = 1310;
				TargetAttributes = {
					4716F2232737D38F006F9038 = {
						CreatedOnToolsVersion = 13.1;
					};
				};
			};
			buildConfigurationList = 4716F21F2737D38F006F9038 /* Build configuration list for PBXProject "SelfManagement" */;
			compatibilityVersion = "Xcode 13.0";
			developmentRegion = ja;
			hasScannedForEncodings = 0;
			knownRegions = (
				en,
				ja,
				Base,
			);
			mainGroup = 4716F21B2737D38F006F9038;
			productRefGroup = 4716F2252737D38F006F9038 /* Products */;
			projectDirPath = "";
			projectRoot = "";
			targets = (
				4716F2232737D38F006F9038 /* SelfManagement */,
			);
		};
/* End PBXProject section */

/* Begin PBXResourcesBuildPhase section */
		4716F2222737D38F006F9038 /* Resources */ = {
			isa = PBXResourcesBuildPhase;
			buildActionMask = 2147483647;
			files = (
				470E1AEA273F9E3200B37BA5 /* TaskListView.storyboard in Resources */,
				4714F301274074680048A928 /* TaskDetailView.storyboard in Resources */,
				477E0FEF274B511C0070578D /* FooterBtnView.xib in Resources */,
				47778E6B27427F09009B80CE /* TaskListCell.xib in Resources */,
				477E0FE7274B4E3A0070578D /* MessageDialogView.storyboard in Resources */,
				470E1B0D2740664F00B37BA5 /* file_name.strings in Resources */,
				470E1B042740632000B37BA5 /* ja.strings in Resources */,
				4716F2312737D390006F9038 /* Assets.xcassets in Resources */,
				47E167B2274B8B1500653DB9 /* LaunchView.storyboard in Resources */,
				47F00C2327496BA90083528F /* DatePickerView.storyboard in Resources */,
			);
			runOnlyForDeploymentPostprocessing = 0;
		};
/* End PBXResourcesBuildPhase section */

/* Begin PBXShellScriptBuildPhase section */
		D01805F387596846E3EA0AE2 /* [CP] Embed Pods Frameworks */ = {
			isa = PBXShellScriptBuildPhase;
			buildActionMask = 2147483647;
			files = (
			);
			inputFileListPaths = (
				"${PODS_ROOT}/Target Support Files/Pods-SelfManagement/Pods-SelfManagement-frameworks-${CONFIGURATION}-input-files.xcfilelist",
			);
			name = "[CP] Embed Pods Frameworks";
			outputFileListPaths = (
				"${PODS_ROOT}/Target Support Files/Pods-SelfManagement/Pods-SelfManagement-frameworks-${CONFIGURATION}-output-files.xcfilelist",
			);
			runOnlyForDeploymentPostprocessing = 0;
			shellPath = /bin/sh;
			shellScript = "\"${PODS_ROOT}/Target Support Files/Pods-SelfManagement/Pods-SelfManagement-frameworks.sh\"\n";
			showEnvVarsInLog = 0;
		};
		F1F3E3390C31493272BD92B7 /* [CP] Check Pods Manifest.lock */ = {
			isa = PBXShellScriptBuildPhase;
			buildActionMask = 2147483647;
			files = (
			);
			inputFileListPaths = (
			);
			inputPaths = (
				"${PODS_PODFILE_DIR_PATH}/Podfile.lock",
				"${PODS_ROOT}/Manifest.lock",
			);
			name = "[CP] Check Pods Manifest.lock";
			outputFileListPaths = (
			);
			outputPaths = (
				"$(DERIVED_FILE_DIR)/Pods-SelfManagement-checkManifestLockResult.txt",
			);
			runOnlyForDeploymentPostprocessing = 0;
			shellPath = /bin/sh;
			shellScript = "diff \"${PODS_PODFILE_DIR_PATH}/Podfile.lock\" \"${PODS_ROOT}/Manifest.lock\" > /dev/null\nif [ $? != 0 ] ; then\n    # print error to STDERR\n    echo \"error: The sandbox is not in sync with the Podfile.lock. Run 'pod install' or update your CocoaPods installation.\" >&2\n    exit 1\nfi\n# This output is used by Xcode 'outputs' to avoid re-running this script phase.\necho \"SUCCESS\" > \"${SCRIPT_OUTPUT_FILE_0}\"\n";
			showEnvVarsInLog = 0;
		};
/* End PBXShellScriptBuildPhase section */

/* Begin PBXSourcesBuildPhase section */
		4716F2202737D38F006F9038 /* Sources */ = {
			isa = PBXSourcesBuildPhase;
			buildActionMask = 2147483647;
			files = (
				4716F22C2737D38F006F9038 /* ViewController.swift in Sources */,
				47778E72274526B5009B80CE /* UIDialogViewControllerBase.swift in Sources */,
				477E0FDC274B31EA0070578D /* TaskRepository.swift in Sources */,
				47778E6A27427F09009B80CE /* TaskListCell.swift in Sources */,
				47E167B0274B8AE300653DB9 /* LaunchViewController.swift in Sources */,
				470E1AE2273F9D3500B37BA5 /* UIViewControllerBase.swift in Sources */,
				470E1AED273FD9E400B37BA5 /* ViewIdEnum.swift in Sources */,
				47B9C0EA2749234C00A98C34 /* ExtensionBundle.swift in Sources */,
				477E0FDE274B38F20070578D /* BaseRepository.swift in Sources */,
				477E0FEE274B511C0070578D /* FooterBtnView.swift in Sources */,
				477E0FF1274B5AFC0070578D /* ExtensionUIView.swift in Sources */,
				47C6081027524A6B00C26E56 /* ExtensionUIImage.swift in Sources */,
				47B9C0EC2749246A00A98C34 /* ExtensionNSObject.swift in Sources */,
				4716F2282737D38F006F9038 /* AppDelegate.swift in Sources */,
				47F00C2627496E170083528F /* StoryBoardInstance.swift in Sources */,
				47E167B4274BAB2A00653DB9 /* FooterBtnEnum.swift in Sources */,
				470E1AE6273F9E0500B37BA5 /* TaskListController.swift in Sources */,
				47B9C0E127490C0200A98C34 /* UIViewControllerExtension.swift in Sources */,
				477E0FE5274B4E0E0070578D /* MessageDialogViewController.swift in Sources */,
				47B9C0E4274911AF00A98C34 /* DatePickerViewController.swift in Sources */,
				477E0FE2274B4A250070578D /* TaskViewSharing.swift in Sources */,
				4716F22A2737D38F006F9038 /* SceneDelegate.swift in Sources */,
				47E167AD274B86AE00653DB9 /* AllService.swift in Sources */,
				470E1B0027405F1E00B37BA5 /* Localize.swift in Sources */,
				4714F303274074C20048A928 /* TaskDetailController.swift in Sources */,
			);
			runOnlyForDeploymentPostprocessing = 0;
		};
/* End PBXSourcesBuildPhase section */

/* Begin PBXVariantGroup section */
		470E1B062740632000B37BA5 /* ja.strings */ = {
			isa = PBXVariantGroup;
			children = (
				470E1B052740632000B37BA5 /* ja */,
			);
			name = ja.strings;
			sourceTree = "<group>";
		};
/* End PBXVariantGroup section */

/* Begin XCBuildConfiguration section */
		4716F2362737D390006F9038 /* Debug */ = {
			isa = XCBuildConfiguration;
			buildSettings = {
				ALWAYS_SEARCH_USER_PATHS = NO;
				CLANG_ANALYZER_LOCALIZABILITY_NONLOCALIZED = YES;
				CLANG_ANALYZER_NONNULL = YES;
				CLANG_ANALYZER_NUMBER_OBJECT_CONVERSION = YES_AGGRESSIVE;
				CLANG_CXX_LANGUAGE_STANDARD = "gnu++17";
				CLANG_CXX_LIBRARY = "libc++";
				CLANG_ENABLE_MODULES = YES;
				CLANG_ENABLE_OBJC_ARC = YES;
				CLANG_ENABLE_OBJC_WEAK = YES;
				CLANG_WARN_BLOCK_CAPTURE_AUTORELEASING = YES;
				CLANG_WARN_BOOL_CONVERSION = YES;
				CLANG_WARN_COMMA = YES;
				CLANG_WARN_CONSTANT_CONVERSION = YES;
				CLANG_WARN_DEPRECATED_OBJC_IMPLEMENTATIONS = YES;
				CLANG_WARN_DIRECT_OBJC_ISA_USAGE = YES_ERROR;
				CLANG_WARN_DOCUMENTATION_COMMENTS = YES;
				CLANG_WARN_EMPTY_BODY = YES;
				CLANG_WARN_ENUM_CONVERSION = YES;
				CLANG_WARN_INFINITE_RECURSION = YES;
				CLANG_WARN_INT_CONVERSION = YES;
				CLANG_WARN_NON_LITERAL_NULL_CONVERSION = YES;
				CLANG_WARN_OBJC_IMPLICIT_RETAIN_SELF = YES;
				CLANG_WARN_OBJC_LITERAL_CONVERSION = YES;
				CLANG_WARN_OBJC_ROOT_CLASS = YES_ERROR;
				CLANG_WARN_QUOTED_INCLUDE_IN_FRAMEWORK_HEADER = YES;
				CLANG_WARN_RANGE_LOOP_ANALYSIS = YES;
				CLANG_WARN_STRICT_PROTOTYPES = YES;
				CLANG_WARN_SUSPICIOUS_MOVE = YES;
				CLANG_WARN_UNGUARDED_AVAILABILITY = YES_AGGRESSIVE;
				CLANG_WARN_UNREACHABLE_CODE = YES;
				CLANG_WARN__DUPLICATE_METHOD_MATCH = YES;
				COPY_PHASE_STRIP = NO;
				DEBUG_INFORMATION_FORMAT = dwarf;
				ENABLE_STRICT_OBJC_MSGSEND = YES;
				ENABLE_TESTABILITY = YES;
				GCC_C_LANGUAGE_STANDARD = gnu11;
				GCC_DYNAMIC_NO_PIC = NO;
				GCC_NO_COMMON_BLOCKS = YES;
				GCC_OPTIMIZATION_LEVEL = 0;
				GCC_PREPROCESSOR_DEFINITIONS = (
					"DEBUG=1",
					"$(inherited)",
				);
				GCC_WARN_64_TO_32_BIT_CONVERSION = YES;
				GCC_WARN_ABOUT_RETURN_TYPE = YES_ERROR;
				GCC_WARN_UNDECLARED_SELECTOR = YES;
				GCC_WARN_UNINITIALIZED_AUTOS = YES_AGGRESSIVE;
				GCC_WARN_UNUSED_FUNCTION = YES;
				GCC_WARN_UNUSED_VARIABLE = YES;
				IPHONEOS_DEPLOYMENT_TARGET = 14.0;
				MTL_ENABLE_DEBUG_INFO = INCLUDE_SOURCE;
				MTL_FAST_MATH = YES;
				ONLY_ACTIVE_ARCH = YES;
				SDKROOT = iphoneos;
				SWIFT_ACTIVE_COMPILATION_CONDITIONS = DEBUG;
				SWIFT_OPTIMIZATION_LEVEL = "-Onone";
			};
			name = Debug;
		};
		4716F2372737D390006F9038 /* Release */ = {
			isa = XCBuildConfiguration;
			buildSettings = {
				ALWAYS_SEARCH_USER_PATHS = NO;
				CLANG_ANALYZER_LOCALIZABILITY_NONLOCALIZED = YES;
				CLANG_ANALYZER_NONNULL = YES;
				CLANG_ANALYZER_NUMBER_OBJECT_CONVERSION = YES_AGGRESSIVE;
				CLANG_CXX_LANGUAGE_STANDARD = "gnu++17";
				CLANG_CXX_LIBRARY = "libc++";
				CLANG_ENABLE_MODULES = YES;
				CLANG_ENABLE_OBJC_ARC = YES;
				CLANG_ENABLE_OBJC_WEAK = YES;
				CLANG_WARN_BLOCK_CAPTURE_AUTORELEASING = YES;
				CLANG_WARN_BOOL_CONVERSION = YES;
				CLANG_WARN_COMMA = YES;
				CLANG_WARN_CONSTANT_CONVERSION = YES;
				CLANG_WARN_DEPRECATED_OBJC_IMPLEMENTATIONS = YES;
				CLANG_WARN_DIRECT_OBJC_ISA_USAGE = YES_ERROR;
				CLANG_WARN_DOCUMENTATION_COMMENTS = YES;
				CLANG_WARN_EMPTY_BODY = YES;
				CLANG_WARN_ENUM_CONVERSION = YES;
				CLANG_WARN_INFINITE_RECURSION = YES;
				CLANG_WARN_INT_CONVERSION = YES;
				CLANG_WARN_NON_LITERAL_NULL_CONVERSION = YES;
				CLANG_WARN_OBJC_IMPLICIT_RETAIN_SELF = YES;
				CLANG_WARN_OBJC_LITERAL_CONVERSION = YES;
				CLANG_WARN_OBJC_ROOT_CLASS = YES_ERROR;
				CLANG_WARN_QUOTED_INCLUDE_IN_FRAMEWORK_HEADER = YES;
				CLANG_WARN_RANGE_LOOP_ANALYSIS = YES;
				CLANG_WARN_STRICT_PROTOTYPES = YES;
				CLANG_WARN_SUSPICIOUS_MOVE = YES;
				CLANG_WARN_UNGUARDED_AVAILABILITY = YES_AGGRESSIVE;
				CLANG_WARN_UNREACHABLE_CODE = YES;
				CLANG_WARN__DUPLICATE_METHOD_MATCH = YES;
				COPY_PHASE_STRIP = NO;
				DEBUG_INFORMATION_FORMAT = "dwarf-with-dsym";
				ENABLE_NS_ASSERTIONS = NO;
				ENABLE_STRICT_OBJC_MSGSEND = YES;
				GCC_C_LANGUAGE_STANDARD = gnu11;
				GCC_NO_COMMON_BLOCKS = YES;
				GCC_WARN_64_TO_32_BIT_CONVERSION = YES;
				GCC_WARN_ABOUT_RETURN_TYPE = YES_ERROR;
				GCC_WARN_UNDECLARED_SELECTOR = YES;
				GCC_WARN_UNINITIALIZED_AUTOS = YES_AGGRESSIVE;
				GCC_WARN_UNUSED_FUNCTION = YES;
				GCC_WARN_UNUSED_VARIABLE = YES;
				IPHONEOS_DEPLOYMENT_TARGET = 14.0;
				MTL_ENABLE_DEBUG_INFO = NO;
				MTL_FAST_MATH = YES;
				SDKROOT = iphoneos;
				SWIFT_COMPILATION_MODE = wholemodule;
				SWIFT_OPTIMIZATION_LEVEL = "-O";
				VALIDATE_PRODUCT = YES;
			};
			name = Release;
		};
		4716F2392737D390006F9038 /* Debug */ = {
			isa = XCBuildConfiguration;
			baseConfigurationReference = 6CD8166CD7A91A833DD72464 /* Pods-SelfManagement.debug.xcconfig */;
			buildSettings = {
				ASSETCATALOG_COMPILER_APPICON_NAME = AppIcon;
				ASSETCATALOG_COMPILER_GLOBAL_ACCENT_COLOR_NAME = AccentColor;
				ASSETCATALOG_COMPILER_INCLUDE_ALL_APPICON_ASSETS = YES;
				CODE_SIGN_STYLE = Automatic;
				CURRENT_PROJECT_VERSION = 1;
				DEVELOPMENT_TEAM = FP5WBG69SB;
				GENERATE_INFOPLIST_FILE = YES;
				INFOPLIST_FILE = SelfManagement/Info.plist;
				INFOPLIST_KEY_CFBundleDisplayName = "私生活管理";
				INFOPLIST_KEY_UIApplicationSupportsIndirectInputEvents = YES;
				INFOPLIST_KEY_UILaunchStoryboardName = LaunchView;
				INFOPLIST_KEY_UIMainStoryboardFile = LaunchView;
				INFOPLIST_KEY_UIRequiresFullScreen = NO;
				INFOPLIST_KEY_UIStatusBarHidden = NO;
				INFOPLIST_KEY_UISupportedInterfaceOrientations = UIInterfaceOrientationPortrait;
				INFOPLIST_KEY_UISupportedInterfaceOrientations_iPad = UIInterfaceOrientationPortrait;
				INFOPLIST_KEY_UISupportedInterfaceOrientations_iPhone = UIInterfaceOrientationPortrait;
				IPHONEOS_DEPLOYMENT_TARGET = 14.0;
				LD_RUNPATH_SEARCH_PATHS = (
					"$(inherited)",
					"@executable_path/Frameworks",
				);
				MARKETING_VERSION = 1.0.0;
				PRODUCT_BUNDLE_IDENTIFIER = "swift-tutorial.SelfManagement";
				PRODUCT_NAME = "$(TARGET_NAME)";
				SWIFT_EMIT_LOC_STRINGS = YES;
				SWIFT_VERSION = 5.0;
				TARGETED_DEVICE_FAMILY = 1;
			};
			name = Debug;
		};
		4716F23A2737D390006F9038 /* Release */ = {
			isa = XCBuildConfiguration;
			baseConfigurationReference = D91FC406D5945DF58A3FA5A8 /* Pods-SelfManagement.release.xcconfig */;
			buildSettings = {
				ASSETCATALOG_COMPILER_APPICON_NAME = AppIcon;
				ASSETCATALOG_COMPILER_GLOBAL_ACCENT_COLOR_NAME = AccentColor;
				ASSETCATALOG_COMPILER_INCLUDE_ALL_APPICON_ASSETS = YES;
				CODE_SIGN_STYLE = Automatic;
				CURRENT_PROJECT_VERSION = 1;
				DEVELOPMENT_TEAM = FP5WBG69SB;
				GENERATE_INFOPLIST_FILE = YES;
				INFOPLIST_FILE = SelfManagement/Info.plist;
				INFOPLIST_KEY_CFBundleDisplayName = "私生活管理";
				INFOPLIST_KEY_UIApplicationSupportsIndirectInputEvents = YES;
				INFOPLIST_KEY_UILaunchStoryboardName = LaunchView;
				INFOPLIST_KEY_UIMainStoryboardFile = LaunchView;
				INFOPLIST_KEY_UIRequiresFullScreen = NO;
				INFOPLIST_KEY_UIStatusBarHidden = NO;
				INFOPLIST_KEY_UISupportedInterfaceOrientations = UIInterfaceOrientationPortrait;
				INFOPLIST_KEY_UISupportedInterfaceOrientations_iPad = UIInterfaceOrientationPortrait;
				INFOPLIST_KEY_UISupportedInterfaceOrientations_iPhone = UIInterfaceOrientationPortrait;
				IPHONEOS_DEPLOYMENT_TARGET = 14.0;
				LD_RUNPATH_SEARCH_PATHS = (
					"$(inherited)",
					"@executable_path/Frameworks",
				);
				MARKETING_VERSION = 1.0.0;
				PRODUCT_BUNDLE_IDENTIFIER = "swift-tutorial.SelfManagement";
				PRODUCT_NAME = "$(TARGET_NAME)";
				SWIFT_EMIT_LOC_STRINGS = YES;
				SWIFT_VERSION = 5.0;
				TARGETED_DEVICE_FAMILY = 1;
			};
			name = Release;
		};
/* End XCBuildConfiguration section */

/* Begin XCConfigurationList section */
		4716F21F2737D38F006F9038 /* Build configuration list for PBXProject "SelfManagement" */ = {
			isa = XCConfigurationList;
			buildConfigurations = (
				4716F2362737D390006F9038 /* Debug */,
				4716F2372737D390006F9038 /* Release */,
			);
			defaultConfigurationIsVisible = 0;
			defaultConfigurationName = Release;
		};
		4716F2382737D390006F9038 /* Build configuration list for PBXNativeTarget "SelfManagement" */ = {
			isa = XCConfigurationList;
			buildConfigurations = (
				4716F2392737D390006F9038 /* Debug */,
				4716F23A2737D390006F9038 /* Release */,
			);
			defaultConfigurationIsVisible = 0;
			defaultConfigurationName = Release;
		};
/* End XCConfigurationList section */
	};
	rootObject = 4716F21C2737D38F006F9038 /* Project object */;
}
